
Microsoft Visual Studio Solution File, Format Version 12.00
# Visual Studio 15
VisualStudioVersion = 15.0.28307.705
MinimumVisualStudioVersion = 10.0.40219.1
Project("{8BC9CEB8-8B4A-11D0-8D11-00A0C91BC942}") = "Pair", "Pair\Pair.vcxproj", "{C475644B-5F59-4B10-B62D-B00958F8B3DB}"
EndProject
Global
	GlobalSection(SolutionConfigurationPlatforms) = preSolution
		Debug|x64 = Debug|x64
		Debug|x86 = Debug|x86
		Release|x64 = Release|x64
		Release|x86 = Release|x86
	EndGlobalSection
	GlobalSection(ProjectConfigurationPlatforms) = postSolution
		{C475644B-5F59-4B10-B62D-B00958F8B3DB}.Debug|x64.ActiveCfg = Debug|x64
		{C475644B-5F59-4B10-B62D-B00958F8B3DB}.Debug|x64.Build.0 = Debug|x64
		{C475644B-5F59-4B10-B62D-B00958F8B3DB}.Debug|x86.ActiveCfg = Debug|Win32
		{C475644B-5F59-4B10-B62D-B00958F8B3DB}.Debug|x86.Build.0 = Debug|Win32
		{C475644B-5F59-4B10-B62D-B00958F8B3DB}.Release|x64.ActiveCfg = Release|x64
		{C475644B-5F59-4B10-B62D-B00958F8B3DB}.Release|x64.Build.0 = Release|x64
		{C475644B-5F59-4B10-B62D-B00958F8B3DB}.Release|x86.ActiveCfg = Release|Win32
		{C475644B-5F59-4B10-B62D-B00958F8B3DB}.Release|x86.Build.0 = Release|Win32
	EndGlobalSection
	GlobalSection(SolutionProperties) = preSolution
		HideSolutionNode = FALSE
	EndGlobalSection
	GlobalSection(ExtensibilityGlobals) = postSolution
		SolutionGuid = {492442C1-905A-432E-BC41-90EA9AB589E3}
	EndGlobalSection
EndGlobal
